<Solution>
  <Project Path="Sashiko.Core.Tests/Sashiko.Core.Tests.csproj" />
  <Project Path="Sashiko.Core/Sashiko.Core.csproj" />
  <Project Path="Sashiko.Registries/Sashiko.Registries.csproj" />
  <Project Path="Sashiko.SystemMonitor.Tests/Sashiko.SystemMonitor.Tests.csproj" />
  <Project Path="Sashiko.SystemMonitor/Sashiko.SystemMonitor.csproj" />
  <Project Path="Sashiko.Validation.Tests/Sashiko.Validation.Tests.csproj" />
  <Project Path="Sashiko.Validation/Sashiko.Validation.csproj" />
</Solution>
